<?xml version="1.0" encoding="utf-8"?>
<Project ToolsVersion="4.0" xmlns="http://schemas.microsoft.com/developer/msbuild/2003">
  <ItemGroup>
    <Filter Include="Source Files">
      <UniqueIdentifier>{4FC737F1-C7A5-4376-A066-2A32D752A2FF}</UniqueIdentifier>
      <Extensions>cpp;c;cc;cxx;def;odl;idl;hpj;bat;asm;asmx</Extensions>
    </Filter>
    <Filter Include="Header Files">
      <UniqueIdentifier>{93995380-89BD-4b04-88EB-625FBE52EBFB}</UniqueIdentifier>
      <Extensions>h;hh;hpp;hxx;hm;inl;inc;xsd</Extensions>
    </Filter>
    <Filter Include="Resource Files">
      <UniqueIdentifier>{67DA6AB6-F800-4c08-8B7A-83BB121AAD01}</UniqueIdentifier>
      <Extensions>rc;ico;cur;bmp;dlg;rc2;rct;bin;rgs;gif;jpg;jpeg;jpe;resx;tiff;tif;png;wav;mfcribbon-ms</Extensions>
    </Filter>
    <Filter Include="Framework">
      <UniqueIdentifier>{a3ad1e20-3c7d-4361-8d6d-54827bdb755a}</UniqueIdentifier>
    </Filter>
    <Filter Include="Framework\Util">
      <UniqueIdentifier>{a5880fd8-2eaf-4873-af47-b5312c65c583}</UniqueIdentifier>
    </Filter>
    <Filter Include="External">
      <UniqueIdentifier>{9cbb817f-cc34-49cc-91e2-364717e54b20}</UniqueIdentifier>
    </Filter>
    <Filter Include="External\spdlog">
      <UniqueIdentifier>{c5cb1838-b75f-49a1-a841-ed023af2e37e}</UniqueIdentifier>
    </Filter>
  </ItemGroup>
  <ItemGroup>
    <Text Include="ReadMe.txt" />
  </ItemGroup>
  <ItemGroup>
    <ClInclude Include="stdafx.h">
      <Filter>Header Files</Filter>
    </ClInclude>
    <ClInclude Include="targetver.h">
      <Filter>Header Files</Filter>
    </ClInclude>
    <ClInclude Include="ICommand.h">
      <Filter>Framework</Filter>
    </ClInclude>
    <ClInclude Include="TermColor.hpp">
      <Filter>External</Filter>
    </ClInclude>
    <ClInclude Include="cmdparser.hpp">
      <Filter>External</Filter>
    </ClInclude>
    <ClInclude Include="spdlog\async_logger.h">
      <Filter>External\spdlog</Filter>
    </ClInclude>
    <ClInclude Include="spdlog\common.h">
      <Filter>External\spdlog</Filter>
    </ClInclude>
    <ClInclude Include="spdlog\formatter.h">
      <Filter>External\spdlog</Filter>
    </ClInclude>
    <ClInclude Include="spdlog\logger.h">
      <Filter>External\spdlog</Filter>
    </ClInclude>
    <ClInclude Include="spdlog\spdlog.h">
      <Filter>External\spdlog</Filter>
    </ClInclude>
    <ClInclude Include="spdlog\tweakme.h">
      <Filter>External\spdlog</Filter>
    </ClInclude>
    <ClInclude Include="spdlog\sinks\android_sink.h">
      <Filter>External\spdlog</Filter>
    </ClInclude>
    <ClInclude Include="spdlog\sinks\ansicolor_sink.h">
      <Filter>External\spdlog</Filter>
    </ClInclude>
    <ClInclude Include="spdlog\sinks\base_sink.h">
      <Filter>External\spdlog</Filter>
    </ClInclude>
    <ClInclude Include="spdlog\sinks\dist_sink.h">
      <Filter>External\spdlog</Filter>
    </ClInclude>
    <ClInclude Include="spdlog\sinks\file_sinks.h">
      <Filter>External\spdlog</Filter>
    </ClInclude>
    <ClInclude Include="spdlog\sinks\msvc_sink.h">
      <Filter>External\spdlog</Filter>
    </ClInclude>
    <ClInclude Include="spdlog\sinks\null_sink.h">
      <Filter>External\spdlog</Filter>
    </ClInclude>
    <ClInclude Include="spdlog\sinks\ostream_sink.h">
      <Filter>External\spdlog</Filter>
    </ClInclude>
    <ClInclude Include="spdlog\sinks\sink.h">
      <Filter>External\spdlog</Filter>
    </ClInclude>
    <ClInclude Include="spdlog\sinks\stdout_sinks.h">
      <Filter>External\spdlog</Filter>
    </ClInclude>
    <ClInclude Include="spdlog\sinks\syslog_sink.h">
      <Filter>External\spdlog</Filter>
    </ClInclude>
    <ClInclude Include="spdlog\sinks\wincolor_sink.h">
      <Filter>External\spdlog</Filter>
    </ClInclude>
    <ClInclude Include="spdlog\fmt\fmt.h">
      <Filter>External\spdlog</Filter>
    </ClInclude>
    <ClInclude Include="spdlog\fmt\ostr.h">
      <Filter>External\spdlog</Filter>
    </ClInclude>
    <ClInclude Include="spdlog\fmt\bundled\format.h">
      <Filter>External\spdlog</Filter>
    </ClInclude>
    <ClInclude Include="spdlog\fmt\bundled\ostream.h">
      <Filter>External\spdlog</Filter>
    </ClInclude>
    <ClInclude Include="spdlog\fmt\bundled\posix.h">
      <Filter>External\spdlog</Filter>
    </ClInclude>
    <ClInclude Include="spdlog\fmt\bundled\time.h">
      <Filter>External\spdlog</Filter>
    </ClInclude>
    <ClInclude Include="spdlog\details\async_log_helper.h">
      <Filter>External\spdlog</Filter>
    </ClInclude>
    <ClInclude Include="spdlog\details\async_logger_impl.h">
      <Filter>External\spdlog</Filter>
    </ClInclude>
    <ClInclude Include="spdlog\details\file_helper.h">
      <Filter>External\spdlog</Filter>
    </ClInclude>
    <ClInclude Include="spdlog\details\log_msg.h">
      <Filter>External\spdlog</Filter>
    </ClInclude>
    <ClInclude Include="spdlog\details\logger_impl.h">
      <Filter>External\spdlog</Filter>
    </ClInclude>
    <ClInclude Include="spdlog\details\mpmc_bounded_q.h">
      <Filter>External\spdlog</Filter>
    </ClInclude>
    <ClInclude Include="spdlog\details\null_mutex.h">
      <Filter>External\spdlog</Filter>
    </ClInclude>
    <ClInclude Include="spdlog\details\os.h">
      <Filter>External\spdlog</Filter>
    </ClInclude>
    <ClInclude Include="spdlog\details\pattern_formatter_impl.h">
      <Filter>External\spdlog</Filter>
    </ClInclude>
    <ClInclude Include="spdlog\details\registry.h">
      <Filter>External\spdlog</Filter>
    </ClInclude>
    <ClInclude Include="spdlog\details\spdlog_impl.h">
      <Filter>External\spdlog</Filter>
    </ClInclude>
  </ItemGroup>
  <ItemGroup>
    <ClCompile Include="stdafx.cpp">
      <Filter>Source Files</Filter>
    </ClCompile>
    <ClCompile Include="CommandEverythingCPP.cpp">
      <Filter>Source Files</Filter>
    </ClCompile>
    <ClCompile Include="ICommand.cpp">
      <Filter>Framework</Filter>
    </ClCompile>
    <ClCompile Include="spdlog\fmt\bundled\format.cc">
      <Filter>External\spdlog</Filter>
    </ClCompile>
    <ClCompile Include="spdlog\fmt\bundled\ostream.cc">
      <Filter>External\spdlog</Filter>
    </ClCompile>
    <ClCompile Include="spdlog\fmt\bundled\posix.cc">
      <Filter>External\spdlog</Filter>
    </ClCompile>
  </ItemGroup>
</Project>