<?xml version="1.0" encoding="utf-8"?>
<Project ToolsVersion="4.0" xmlns="http://schemas.microsoft.com/developer/msbuild/2003">
  <ItemGroup>
    <Filter Include="Source Files">
      <UniqueIdentifier>{4FC737F1-C7A5-4376-A066-2A32D752A2FF}</UniqueIdentifier>
      <Extensions>cpp;c;cc;cxx;def;odl;idl;hpj;bat;asm;asmx</Extensions>
    </Filter>
    <Filter Include="Header Files">
      <UniqueIdentifier>{93995380-89BD-4b04-88EB-625FBE52EBFB}</UniqueIdentifier>
      <Extensions>h;hh;hpp;hxx;hm;inl;inc;xsd</Extensions>
    </Filter>
    <Filter Include="Framework">
      <UniqueIdentifier>{a3ad1e20-3c7d-4361-8d6d-54827bdb755a}</UniqueIdentifier>
    </Filter>
    <Filter Include="Framework\Util">
      <UniqueIdentifier>{a5880fd8-2eaf-4873-af47-b5312c65c583}</UniqueIdentifier>
    </Filter>
    <Filter Include="External">
      <UniqueIdentifier>{9cbb817f-cc34-49cc-91e2-364717e54b20}</UniqueIdentifier>
    </Filter>
    <Filter Include="Framework\Commands">
      <UniqueIdentifier>{ac05b093-ee44-4473-9887-0ee6703ad23c}</UniqueIdentifier>
    </Filter>
    <Filter Include="Framework\Commands\Help">
      <UniqueIdentifier>{4c4a3014-327c-4b59-8579-868fe6222e70}</UniqueIdentifier>
    </Filter>
    <Filter Include="Framework\Commands\Start">
      <UniqueIdentifier>{b08bcf77-013e-49aa-a7b7-d52353cefb35}</UniqueIdentifier>
    </Filter>
    <Filter Include="Framework\Util\Command">
      <UniqueIdentifier>{d72a6422-a523-4c0a-b054-3024728aa003}</UniqueIdentifier>
    </Filter>
    <Filter Include="Framework\Commands\Exit">
      <UniqueIdentifier>{4c36ee21-1a45-47f9-b64a-28b55270e768}</UniqueIdentifier>
    </Filter>
    <Filter Include="Framework\WIP Commands">
      <UniqueIdentifier>{26f725d9-456e-4da8-aed9-0d553bea28ca}</UniqueIdentifier>
    </Filter>
    <Filter Include="Framework\Commands\List">
      <UniqueIdentifier>{3758dd7a-e7f1-4a91-a3c3-bef13afbdf04}</UniqueIdentifier>
    </Filter>
    <Filter Include="Framework\Commands\Execute">
      <UniqueIdentifier>{ed7578ad-462b-4d25-97ad-f8265620986b}</UniqueIdentifier>
    </Filter>
    <Filter Include="Framework\Commands\Defend">
      <UniqueIdentifier>{223279d5-59c1-4794-8998-459ec4523013}</UniqueIdentifier>
    </Filter>
    <Filter Include="Framework\Commands\Kill">
      <UniqueIdentifier>{297a4d5b-7f09-49a8-8cfc-2763b1d36b9a}</UniqueIdentifier>
    </Filter>
    <Filter Include="Framework\WIP Commands\Clone">
      <UniqueIdentifier>{38a1af71-bd02-4a1e-b8f2-8a112adce443}</UniqueIdentifier>
    </Filter>
    <Filter Include="Framework\WIP Commands\Copy">
      <UniqueIdentifier>{1f9d5d42-8d17-44af-bd35-45a728089e89}</UniqueIdentifier>
    </Filter>
    <Filter Include="Framework\WIP Commands\Encrypt">
      <UniqueIdentifier>{b24ec88f-1bc3-4d88-89de-7fae37fe8875}</UniqueIdentifier>
    </Filter>
    <Filter Include="Framework\WIP Commands\Compress">
      <UniqueIdentifier>{94da283b-b60a-46f5-8e3b-9aae443a278d}</UniqueIdentifier>
    </Filter>
    <Filter Include="Framework\WIP Commands\Decompress">
      <UniqueIdentifier>{4c324a96-d3a0-4c9e-86b3-78a7aa62ea4d}</UniqueIdentifier>
    </Filter>
    <Filter Include="Framework\WIP Commands\Decrypt">
      <UniqueIdentifier>{ef1aeb20-9378-4a89-8cc3-fd8b7fa54cc8}</UniqueIdentifier>
    </Filter>
    <Filter Include="Framework\Commands\Tree">
      <UniqueIdentifier>{765ce970-7b3f-4bf3-af0f-41b91b12c306}</UniqueIdentifier>
    </Filter>
    <Filter Include="Framework\WIP Commands\Specs">
      <UniqueIdentifier>{0d011e3f-604a-4373-8890-7f95bd7d702b}</UniqueIdentifier>
    </Filter>
    <Filter Include="Framework\WIP Commands\Resize Image">
      <UniqueIdentifier>{3fd5f02c-368d-4d08-9612-50d532ed1c4a}</UniqueIdentifier>
    </Filter>
    <Filter Include="Framework\WIP Commands\Chat">
      <UniqueIdentifier>{9aeff9bd-ccf8-4276-a17e-36ec183095a6}</UniqueIdentifier>
    </Filter>
    <Filter Include="Framework\Commands\Cd">
      <UniqueIdentifier>{f28e51f0-e978-4ed3-8e81-037ef6965cff}</UniqueIdentifier>
    </Filter>
    <Filter Include="Framework\WIP Commands\Lock File System">
      <UniqueIdentifier>{25216080-f299-4b55-9b6f-7a1552e3f0ea}</UniqueIdentifier>
    </Filter>
    <Filter Include="Framework\WIP Commands\Unlock File System">
      <UniqueIdentifier>{0f9b4e1a-c867-4c0c-bd88-5aed6688f125}</UniqueIdentifier>
    </Filter>
    <Filter Include="Framework\Commands\Run Script">
      <UniqueIdentifier>{23ca2949-41ed-498c-bb64-52e92e469a3b}</UniqueIdentifier>
    </Filter>
    <Filter Include="Framework\Commands\Delete">
      <UniqueIdentifier>{c9b3d648-61e7-4600-b42b-cdaa0e7a7188}</UniqueIdentifier>
    </Filter>
    <Filter Include="Framework\Commands\Hack">
      <UniqueIdentifier>{34ac8ce0-2a83-4c61-9855-6ec56085fcdf}</UniqueIdentifier>
    </Filter>
    <Filter Include="Framework\Commands\Crash">
      <UniqueIdentifier>{62a10e36-0563-4911-8c1d-198029827bb6}</UniqueIdentifier>
    </Filter>
  </ItemGroup>
  <ItemGroup>
    <ClInclude Include="stdafx.h">
      <Filter>Header Files</Filter>
    </ClInclude>
    <ClInclude Include="targetver.h">
      <Filter>Header Files</Filter>
    </ClInclude>
    <ClInclude Include="ICommand.h">
      <Filter>Framework</Filter>
    </ClInclude>
    <ClInclude Include="Util.h">
      <Filter>Framework\Util</Filter>
    </ClInclude>
    <ClInclude Include="Writer.h">
      <Filter>Framework\Util</Filter>
    </ClInclude>
    <ClInclude Include="Filing.h">
      <Filter>Framework\Util</Filter>
    </ClInclude>
    <ClInclude Include="Loop.h">
      <Filter>Framework</Filter>
    </ClInclude>
    <ClInclude Include="CommandHelp.h">
      <Filter>Framework\Commands\Help</Filter>
    </ClInclude>
    <ClInclude Include="CommandStart.h">
      <Filter>Framework\Commands\Start</Filter>
    </ClInclude>
    <ClInclude Include="ParsedCommand.h">
      <Filter>Framework\Util\Command</Filter>
    </ClInclude>
    <ClInclude Include="CommandExit.h">
      <Filter>Framework\Commands\Exit</Filter>
    </ClInclude>
    <ClInclude Include="CommandDefend.h">
      <Filter>Framework\Commands\Defend</Filter>
    </ClInclude>
    <ClInclude Include="CommandList.h">
      <Filter>Framework\Commands\List</Filter>
    </ClInclude>
    <ClInclude Include="CommandCd.h">
      <Filter>Framework\Commands\Cd</Filter>
    </ClInclude>
    <ClInclude Include="CommandExecute.h">
      <Filter>Framework\Commands\Execute</Filter>
    </ClInclude>
    <ClInclude Include="CommandDelete.h">
      <Filter>Framework\Commands\Delete</Filter>
    </ClInclude>
    <ClInclude Include="CommandCrash.h">
      <Filter>Framework\Commands\Crash</Filter>
    </ClInclude>
    <ClInclude Include="CommandHack.h">
      <Filter>Framework\Commands\Hack</Filter>
    </ClInclude>
    <ClInclude Include="CommandKill.h">
      <Filter>Framework\Commands\Kill</Filter>
    </ClInclude>
    <ClInclude Include="CommandTree.h">
      <Filter>Framework\Commands\Tree</Filter>
    </ClInclude>
    <ClInclude Include="CommandEncrypt.h">
      <Filter>Framework\WIP Commands\Encrypt</Filter>
    </ClInclude>
    <ClInclude Include="Header Only\dirent.h">
      <Filter>External</Filter>
    </ClInclude>
    <ClInclude Include="Header Only\ThreadPool.h">
      <Filter>External</Filter>
    </ClInclude>
    <ClInclude Include="CommandDecrypt.h">
      <Filter>Framework\WIP Commands\Decrypt</Filter>
    </ClInclude>
    <ClInclude Include="RunScript.h">
      <Filter>Framework\Commands\Run Script</Filter>
    </ClInclude>
    <ClInclude Include="CommandSpecs.h">
      <Filter>Framework\WIP Commands\Specs</Filter>
    </ClInclude>
  </ItemGroup>
  <ItemGroup>
    <ClCompile Include="stdafx.cpp">
      <Filter>Source Files</Filter>
    </ClCompile>
    <ClCompile Include="CommandEverythingCPP.cpp">
      <Filter>Source Files</Filter>
    </ClCompile>
    <ClCompile Include="Util.cpp">
      <Filter>Framework\Util</Filter>
    </ClCompile>
    <ClCompile Include="Writer.cpp">
      <Filter>Framework\Util</Filter>
    </ClCompile>
    <ClCompile Include="Filing.cpp">
      <Filter>Framework\Util</Filter>
    </ClCompile>
    <ClCompile Include="Loop.cpp">
      <Filter>Framework</Filter>
    </ClCompile>
    <ClCompile Include="CommandHelp.cpp">
      <Filter>Framework\Commands\Help</Filter>
    </ClCompile>
    <ClCompile Include="CommandStart.cpp">
      <Filter>Framework\Commands\Start</Filter>
    </ClCompile>
    <ClCompile Include="ParsedCommand.cpp">
      <Filter>Framework\Util\Command</Filter>
    </ClCompile>
    <ClCompile Include="CommandExit.cpp">
      <Filter>Framework\Commands\Exit</Filter>
    </ClCompile>
    <ClCompile Include="CommandDefend.cpp">
      <Filter>Framework\Commands\Defend</Filter>
    </ClCompile>
    <ClCompile Include="CommandList.cpp">
      <Filter>Framework\Commands\List</Filter>
    </ClCompile>
    <ClCompile Include="CommandCd.cpp">
      <Filter>Framework\Commands\Cd</Filter>
    </ClCompile>
    <ClCompile Include="CommandExecute.cpp">
      <Filter>Framework\Commands\Execute</Filter>
    </ClCompile>
    <ClCompile Include="CommandDelete.cpp">
      <Filter>Framework\Commands\Delete</Filter>
    </ClCompile>
    <ClCompile Include="CommandCrash.cpp">
      <Filter>Framework\Commands\Crash</Filter>
    </ClCompile>
    <ClCompile Include="CommandHack.cpp">
      <Filter>Framework\Commands\Hack</Filter>
    </ClCompile>
    <ClCompile Include="CommandKill.cpp">
      <Filter>Framework\Commands\Kill</Filter>
    </ClCompile>
    <ClCompile Include="CommandTree.cpp">
      <Filter>Framework\Commands\Tree</Filter>
    </ClCompile>
    <ClCompile Include="CommandEncrypt.cpp">
      <Filter>Framework\WIP Commands\Encrypt</Filter>
    </ClCompile>
    <ClCompile Include="CommandDecrypt.cpp">
      <Filter>Framework\WIP Commands\Decrypt</Filter>
    </ClCompile>
    <ClCompile Include="RunScript.cpp">
      <Filter>Framework\Commands\Run Script</Filter>
    </ClCompile>
    <ClCompile Include="ICommand.cpp">
      <Filter>Framework\WIP Commands</Filter>
    </ClCompile>
    <ClCompile Include="CommandSpecs.cpp">
      <Filter>Framework\WIP Commands\Specs</Filter>
    </ClCompile>
  </ItemGroup>
  <ItemGroup>
    <None Include="packages.config" />
  </ItemGroup>
</Project>